
Microsoft Visual Studio Solution File, Format Version 12.00
# Visual Studio Version 16
VisualStudioVersion = 16.0.28407.52
MinimumVisualStudioVersion = 10.0.40219.1
Project("{FAE04EC0-301F-11D3-BF4B-00C04F79EFBC}") = "正则表达式学习", "正则表达式学习\正则表达式学习.csproj", "{870BA3AF-1D81-49EF-9A30-767D1F197061}"
EndProject
Global
	GlobalSection(SolutionConfigurationPlatforms) = preSolution
		Debug|Any CPU = Debug|Any CPU
		Release|Any CPU = Release|Any CPU
	EndGlobalSection
	GlobalSection(ProjectConfigurationPlatforms) = postSolution
		{870BA3AF-1D81-49EF-9A30-767D1F197061}.Debug|Any CPU.ActiveCfg = Debug|Any CPU
		{870BA3AF-1D81-49EF-9A30-767D1F197061}.Debug|Any CPU.Build.0 = Debug|Any CPU
		{870BA3AF-1D81-49EF-9A30-767D1F197061}.Release|Any CPU.ActiveCfg = Release|Any CPU
		{870BA3AF-1D81-49EF-9A30-767D1F197061}.Release|Any CPU.Build.0 = Release|Any CPU
	EndGlobalSection
	GlobalSection(SolutionProperties) = preSolution
		HideSolutionNode = FALSE
	EndGlobalSection
	GlobalSection(ExtensibilityGlobals) = postSolution
		SolutionGuid = {3258ED54-96F7-4417-A35B-A98F1A4B6B2B}
	EndGlobalSection
EndGlobal
